# This file is automatically @generated by Cargo.
# It is not intended for manual editing.
version = 4

[[package]]
name = "stepler-app"
version = "0.1.0"
dependencies = [
 "stepler-core",
 "stepler-platform",
]

[[package]]
name = "stepler-cli"
version = "0.1.0"
dependencies = [
 "stepler-app",
 "stepler-core",
 "stepler-platform",
 "stepler-platform-windows",
]

[[package]]
name = "stepler-core"
version = "0.1.0"

[[package]]
name = "stepler-platform"
version = "0.1.0"
dependencies = [
 "stepler-core",
]

[[package]]
name = "stepler-platform-windows"
version = "0.1.0"
dependencies = [
 "stepler-core",
 "stepler-platform",
]

[[package]]
name = "stepler-testkit"
version = "0.1.0"
dependencies = [
 "stepler-core",
]

[[package]]
name = "stepler-tray"
version = "0.1.0"
dependencies = [
 "stepler-app",
 "stepler-core",
 "stepler-platform",
 "stepler-platform-windows",
]
